github.com/davecgh/go-spew v1.1.0 h1:ZDRjVQ15GmhC3fiQ8ni8+OwkZQO4DARzQgrnXU1Liz8=
github.com/davecgh/go-spew v1.1.0/go.mod h1:J7Y8YcW2NihsgmVo/mv3lAwl/skON4iLHjSsI+c5H38=
github.com/go-test/deep v1.0.1 h1:UQhStjbkDClarlmv0am7OXXO4/GaPdCGiUiMTvi28sg=
github.com/go-test/deep v1.0.1/go.mod h1:wGDj63lr65AM2AQyKZd/NYHGb0R+1RLqB8NKt3aSFNA=
github.com/joshdk/go-junit v0.0.0-20190401055633-6ce6523876d3 h1:KXhuGI5oFE/U+gvZKbZ4mfG/Hes4YSFUsgRojASMRJg=
github.com/joshdk/go-junit v0.0.0-20190401055633-6ce6523876d3/go.mod h1:MOeCCTRumOm/JuvRWzF18Jzf1a2UkhFRgISDS/VSszs=
github.com/joshdk/go-junit v0.0.0-20190428045703-ad7e11aa49ff h1:Bp5LAZasx/ev9wUmIIC74+MsXgwD99VjV1JmDVbpJm8=
github.com/joshdk/go-junit v0.0.0-20190428045703-ad7e11aa49ff/go.mod h1:MOeCCTRumOm/JuvRWzF18Jzf1a2UkhFRgISDS/VSszs=
github.com/joshdk/go-junit v0.0.0-20191027203205-93e3ed9f3c4c h1:tKJutSyPCzIlDzDDlkU7a9We6vAQ1QxnCdprLH4Ybx0=
github.com/joshdk/go-junit v0.0.0-20191027203205-93e3ed9f3c4c/go.mod h1:TiiV0PqkaNfFXjEiyjWM3XXrhVyCa1K4Zfga6W52ung=
github.com/joshdk/go-junit v0.0.0-20200312181801-e5d93c0f31a8 h1:m2Pr6ORN6eh6z5lFi2eI9y9QEB6gPxkwpqv3DD1yYpg=
github.com/joshdk/go-junit v0.0.0-20200312181801-e5d93c0f31a8/go.mod h1:TiiV0PqkaNfFXjEiyjWM3XXrhVyCa1K4Zfga6W52ung=
github.com/jstemmer/go-junit-report v0.9.1 h1:6QPYqodiu3GuPL+7mfx+NwDdp2eTkp9IfEUpgAwUN0o=
github.com/jstemmer/go-junit-report v0.9.1/go.mod h1:Brl9GWCQeLvo8nXZwPNNblvFj/XSXhF0NWZEnDohbsk=
github.com/pmezard/go-difflib v1.0.0 h1:4DBwDE0NGyQoBHbLQYPwSUPoCMWR5BEzIk/f1lZbAQM=
github.com/pmezard/go-difflib v1.0.0/go.mod h1:iKH77koFhYxTK1pcRnkKkqfTogsbg7gZNVY4sRDYZ/4=
github.com/stretchr/objx v0.1.0 h1:4G4v2dO3VZwixGIRoQ5Lfboy6nUhCyYzaqnIAPPhYs4=
github.com/stretchr/objx v0.1.0/go.mod h1:HFkY916IF+rwdDfMAkV7OtwuqBVzrE8GR6GFx+wExME=
github.com/stretchr/testify v1.3.0 h1:TivCn/peBQ7UY8ooIcPgZFpTNSz0Q2U6UrFlUfqbe0Q=
github.com/stretchr/testify v1.3.0/go.mod h1:M5WIy9Dh21IEIfnGCwXGc5bZfKNJtfHm1UVUgZn+9EI=
github.com/stretchr/testify v1.4.0/go.mod h1:j7eGeouHqKxXV5pUuKE4zz7dFj8WfuZ+81PSLYec5m4=
gopkg.in/check.v1 v0.0.0-20161208181325-20d25e280405/go.mod h1:Co6ibVJAznAaIkqp8huTwlJQCZ016jof/cbN4VW5Yz0=
gopkg.in/yaml.v2 v2.2.2/go.mod h1:hI93XBmqTisBFMUTm0b8Fm+jr3Dg1NNxqwp+5A1VGuI=
